
Microsoft Visual Studio Solution File, Format Version 12.00
# Visual Studio 15
VisualStudioVersion = 15.0.28307.852
MinimumVisualStudioVersion = 10.0.40219.1
Project("{FAE04EC0-301F-11D3-BF4B-00C04F79EFBC}") = "ChessApp", "ChessApp\ChessApp.csproj", "{B2E41A22-4546-4E80-9BBD-A254C977A663}"
EndProject
Global
	GlobalSection(SolutionConfigurationPlatforms) = preSolution
		Debug|Any CPU = Debug|Any CPU
		Release|Any CPU = Release|Any CPU
	EndGlobalSection
	GlobalSection(ProjectConfigurationPlatforms) = postSolution
		{B2E41A22-4546-4E80-9BBD-A254C977A663}.Debug|Any CPU.ActiveCfg = Debug|Any CPU
		{B2E41A22-4546-4E80-9BBD-A254C977A663}.Debug|Any CPU.Build.0 = Debug|Any CPU
		{B2E41A22-4546-4E80-9BBD-A254C977A663}.Release|Any CPU.ActiveCfg = Release|Any CPU
		{B2E41A22-4546-4E80-9BBD-A254C977A663}.Release|Any CPU.Build.0 = Release|Any CPU
	EndGlobalSection
	GlobalSection(SolutionProperties) = preSolution
		HideSolutionNode = FALSE
	EndGlobalSection
	GlobalSection(ExtensibilityGlobals) = postSolution
		SolutionGuid = {16F81AE1-8B5D-430B-9271-21B332707E3B}
	EndGlobalSection
EndGlobal
